
Microsoft Visual Studio Solution File, Format Version 11.00
# Visual Studio 2010
Project("{8BC9CEB8-8B4A-11D0-8D11-00A0C91BC942}") = "while 练习案例：猜数字游戏", "while 练习案例：猜数字游戏\while 练习案例：猜数字游戏.vcxproj", "{0FD4BF33-E220-4D6C-AC18-46DD7E9A9A7F}"
EndProject
Global
	GlobalSection(SolutionConfigurationPlatforms) = preSolution
		Debug|Win32 = Debug|Win32
		Release|Win32 = Release|Win32
	EndGlobalSection
	GlobalSection(ProjectConfigurationPlatforms) = postSolution
		{0FD4BF33-E220-4D6C-AC18-46DD7E9A9A7F}.Debug|Win32.ActiveCfg = Debug|Win32
		{0FD4BF33-E220-4D6C-AC18-46DD7E9A9A7F}.Debug|Win32.Build.0 = Debug|Win32
		{0FD4BF33-E220-4D6C-AC18-46DD7E9A9A7F}.Release|Win32.ActiveCfg = Release|Win32
		{0FD4BF33-E220-4D6C-AC18-46DD7E9A9A7F}.Release|Win32.Build.0 = Release|Win32
	EndGlobalSection
	GlobalSection(SolutionProperties) = preSolution
		HideSolutionNode = FALSE
	EndGlobalSection
EndGlobal
