
Microsoft Visual Studio Solution File, Format Version 11.00
# Visual Studio 2010
Project("{8BC9CEB8-8B4A-11D0-8D11-00A0C91BC942}") = "test_7_18", "test_7_18\test_7_18.vcxproj", "{E5CCC85A-06D8-4DD6-A1A8-D9E29C25BF7F}"
EndProject
Global
	GlobalSection(SolutionConfigurationPlatforms) = preSolution
		Debug|Win32 = Debug|Win32
		Release|Win32 = Release|Win32
	EndGlobalSection
	GlobalSection(ProjectConfigurationPlatforms) = postSolution
		{E5CCC85A-06D8-4DD6-A1A8-D9E29C25BF7F}.Debug|Win32.ActiveCfg = Debug|Win32
		{E5CCC85A-06D8-4DD6-A1A8-D9E29C25BF7F}.Debug|Win32.Build.0 = Debug|Win32
		{E5CCC85A-06D8-4DD6-A1A8-D9E29C25BF7F}.Release|Win32.ActiveCfg = Release|Win32
		{E5CCC85A-06D8-4DD6-A1A8-D9E29C25BF7F}.Release|Win32.Build.0 = Release|Win32
	EndGlobalSection
	GlobalSection(SolutionProperties) = preSolution
		HideSolutionNode = FALSE
	EndGlobalSection
EndGlobal
