
Microsoft Visual Studio Solution File, Format Version 11.00
# Visual Studio 2010
Project("{8BC9CEB8-8B4A-11D0-8D11-00A0C91BC942}") = "练习案例：敲桌子", "练习案例：敲桌子\练习案例：敲桌子.vcxproj", "{DD81BBBF-96BA-4597-8B4F-9069530F766E}"
EndProject
Global
	GlobalSection(SolutionConfigurationPlatforms) = preSolution
		Debug|Win32 = Debug|Win32
		Release|Win32 = Release|Win32
	EndGlobalSection
	GlobalSection(ProjectConfigurationPlatforms) = postSolution
		{DD81BBBF-96BA-4597-8B4F-9069530F766E}.Debug|Win32.ActiveCfg = Debug|Win32
		{DD81BBBF-96BA-4597-8B4F-9069530F766E}.Debug|Win32.Build.0 = Debug|Win32
		{DD81BBBF-96BA-4597-8B4F-9069530F766E}.Release|Win32.ActiveCfg = Release|Win32
		{DD81BBBF-96BA-4597-8B4F-9069530F766E}.Release|Win32.Build.0 = Release|Win32
	EndGlobalSection
	GlobalSection(SolutionProperties) = preSolution
		HideSolutionNode = FALSE
	EndGlobalSection
EndGlobal
